
Microsoft Visual Studio Solution File, Format Version 12.00
# Visual Studio Version 17
VisualStudioVersion = 17.9.34607.119
MinimumVisualStudioVersion = 10.0.40219.1
Project("{FAE04EC0-301F-11D3-BF4B-00C04F79EFBC}") = "BudgetTracker", "BudgetTracker\BudgetTracker.csproj", "{1DA21D77-4DD6-43DB-BC0E-A54516B4CD76}"
EndProject
Global
	GlobalSection(SolutionConfigurationPlatforms) = preSolution
		Debug|Any CPU = Debug|Any CPU
		Release|Any CPU = Release|Any CPU
	EndGlobalSection
	GlobalSection(ProjectConfigurationPlatforms) = postSolution
		{1DA21D77-4DD6-43DB-BC0E-A54516B4CD76}.Debug|Any CPU.ActiveCfg = Debug|Any CPU
		{1DA21D77-4DD6-43DB-BC0E-A54516B4CD76}.Debug|Any CPU.Build.0 = Debug|Any CPU
		{1DA21D77-4DD6-43DB-BC0E-A54516B4CD76}.Release|Any CPU.ActiveCfg = Release|Any CPU
		{1DA21D77-4DD6-43DB-BC0E-A54516B4CD76}.Release|Any CPU.Build.0 = Release|Any CPU
	EndGlobalSection
	GlobalSection(SolutionProperties) = preSolution
		HideSolutionNode = FALSE
	EndGlobalSection
	GlobalSection(ExtensibilityGlobals) = postSolution
		SolutionGuid = {7FF2F3E6-4F18-4BB5-8F22-89F6FBAD9B04}
	EndGlobalSection
EndGlobal
